// !$*UTF8*$!
{
	archiveVersion = 1;
	classes = {
	};
	objectVersion = 50;
	objects = {

/* Begin PBXBuildFile section */
		A4685D9524C6D7B100C9930C /* SavedAlarms.swift in Sources */ = {isa = PBXBuildFile; fileRef = A4685D9424C6D7B100C9930C /* SavedAlarms.swift */; };
		A4782E9524C580D4002CA812 /* AppDelegate.swift in Sources */ = {isa = PBXBuildFile; fileRef = A4782E9424C580D4002CA812 /* AppDelegate.swift */; };
		A4782E9724C580D4002CA812 /* SceneDelegate.swift in Sources */ = {isa = PBXBuildFile; fileRef = A4782E9624C580D4002CA812 /* SceneDelegate.swift */; };
		A4782E9C24C580D4002CA812 /* Main.storyboard in Resources */ = {isa = PBXBuildFile; fileRef = A4782E9A24C580D4002CA812 /* Main.storyboard */; };
		A4782E9F24C580D4002CA812 /* NatureAlarmClock.xcdatamodeld in Sources */ = {isa = PBXBuildFile; fileRef = A4782E9D24C580D4002CA812 /* NatureAlarmClock.xcdatamodeld */; };
		A4782EA124C580D6002CA812 /* Assets.xcassets in Resources */ = {isa = PBXBuildFile; fileRef = A4782EA024C580D6002CA812 /* Assets.xcassets */; };
		A4782EA424C580D6002CA812 /* LaunchScreen.storyboard in Resources */ = {isa = PBXBuildFile; fileRef = A4782EA224C580D6002CA812 /* LaunchScreen.storyboard */; };
		A4782EB324C582DD002CA812 /* VCExtensions.swift in Sources */ = {isa = PBXBuildFile; fileRef = A4782EB224C582DD002CA812 /* VCExtensions.swift */; };
		A4782EB524C58428002CA812 /* AlarmView.xib in Resources */ = {isa = PBXBuildFile; fileRef = A4782EB424C58428002CA812 /* AlarmView.xib */; };
		A4782EB824C58687002CA812 /* wakeupImageBig.png in Resources */ = {isa = PBXBuildFile; fileRef = A4782EB724C58687002CA812 /* wakeupImageBig.png */; };
		A4782EBA24C58946002CA812 /* sleepImageBig.png in Resources */ = {isa = PBXBuildFile; fileRef = A4782EB924C58946002CA812 /* sleepImageBig.png */; };
		A4782EBC24C58D75002CA812 /* AlarmView.swift in Sources */ = {isa = PBXBuildFile; fileRef = A4782EBB24C58D75002CA812 /* AlarmView.swift */; };
		A484611324C5F41E00376A27 /* TimeCell.swift in Sources */ = {isa = PBXBuildFile; fileRef = A484611224C5F41E00376A27 /* TimeCell.swift */; };
		A484611524C5F7AE00376A27 /* AlarmTime.swift in Sources */ = {isa = PBXBuildFile; fileRef = A484611424C5F7AE00376A27 /* AlarmTime.swift */; };
		A484611724C5FC1F00376A27 /* AlarmMode.swift in Sources */ = {isa = PBXBuildFile; fileRef = A484611624C5FC1F00376A27 /* AlarmMode.swift */; };
		A484611924C61DF600376A27 /* DataTypesExtensions.swift in Sources */ = {isa = PBXBuildFile; fileRef = A484611824C61DF600376A27 /* DataTypesExtensions.swift */; };
		A484611B24C6296700376A27 /* ClockTime.swift in Sources */ = {isa = PBXBuildFile; fileRef = A484611A24C6296700376A27 /* ClockTime.swift */; };
		A4B479A524C59A2D00944FA0 /* AlarmsViewController.swift in Sources */ = {isa = PBXBuildFile; fileRef = A4B479A424C59A2D00944FA0 /* AlarmsViewController.swift */; };
		A4B479A724C5A2F200944FA0 /* Colors.swift in Sources */ = {isa = PBXBuildFile; fileRef = A4B479A624C5A2F200944FA0 /* Colors.swift */; };
		A4B479A924C5ABEC00944FA0 /* AlarmNavigationBarView.swift in Sources */ = {isa = PBXBuildFile; fileRef = A4B479A824C5ABEC00944FA0 /* AlarmNavigationBarView.swift */; };
		A4B479AB24C5AC1F00944FA0 /* AlarmNavigationBarView.xib in Resources */ = {isa = PBXBuildFile; fileRef = A4B479AA24C5AC1F00944FA0 /* AlarmNavigationBarView.xib */; };
		A4B479AD24C5B52C00944FA0 /* SettingsViewController.swift in Sources */ = {isa = PBXBuildFile; fileRef = A4B479AC24C5B52C00944FA0 /* SettingsViewController.swift */; };
		A4B479B024C5C4C800944FA0 /* SoundCell.swift in Sources */ = {isa = PBXBuildFile; fileRef = A4B479AF24C5C4C800944FA0 /* SoundCell.swift */; };
		A4B479B224C5C5F100944FA0 /* Sound.swift in Sources */ = {isa = PBXBuildFile; fileRef = A4B479B124C5C5F100944FA0 /* Sound.swift */; };
		A4B479B524C5CE3000944FA0 /* SectionHeaderView.swift in Sources */ = {isa = PBXBuildFile; fileRef = A4B479B424C5CE3000944FA0 /* SectionHeaderView.swift */; };
		A4B479B724C5E3A200944FA0 /* launchScreen.png in Resources */ = {isa = PBXBuildFile; fileRef = A4B479B624C5E3A100944FA0 /* launchScreen.png */; };
		A4B479B924C5E43C00944FA0 /* alarmBig.png in Resources */ = {isa = PBXBuildFile; fileRef = A4B479B824C5E43C00944FA0 /* alarmBig.png */; };
		A4B479BB24C5E8EB00944FA0 /* SettingsVCCollectionView.swift in Sources */ = {isa = PBXBuildFile; fileRef = A4B479BA24C5E8EB00944FA0 /* SettingsVCCollectionView.swift */; };
		A4C79CE324C6FF260085A328 /* AlarmsManager.swift in Sources */ = {isa = PBXBuildFile; fileRef = A4C79CE224C6FF260085A328 /* AlarmsManager.swift */; };
		A4C79CE524C6FF8A0085A328 /* AlarmNotification.swift in Sources */ = {isa = PBXBuildFile; fileRef = A4C79CE424C6FF8A0085A328 /* AlarmNotification.swift */; };
		A4C79CE724C70D850085A328 /* forestSound.m4r in Resources */ = {isa = PBXBuildFile; fileRef = A4C79CE624C70D850085A328 /* forestSound.m4r */; };
/* End PBXBuildFile section */

/* Begin PBXFileReference section */
		A4685D9424C6D7B100C9930C /* SavedAlarms.swift */ = {isa = PBXFileReference; lastKnownFileType = sourcecode.swift; path = SavedAlarms.swift; sourceTree = "<group>"; };
		A4685D9624C6FA6200C9930C /* NatureAlarmClock.entitlements */ = {isa = PBXFileReference; lastKnownFileType = text.plist.entitlements; path = NatureAlarmClock.entitlements; sourceTree = "<group>"; };
		A4782E9124C580D4002CA812 /* NatureAlarmClock.app */ = {isa = PBXFileReference; explicitFileType = wrapper.application; includeInIndex = 0; path = NatureAlarmClock.app; sourceTree = BUILT_PRODUCTS_DIR; };
		A4782E9424C580D4002CA812 /* AppDelegate.swift */ = {isa = PBXFileReference; lastKnownFileType = sourcecode.swift; path = AppDelegate.swift; sourceTree = "<group>"; };
		A4782E9624C580D4002CA812 /* SceneDelegate.swift */ = {isa = PBXFileReference; lastKnownFileType = sourcecode.swift; path = SceneDelegate.swift; sourceTree = "<group>"; };
		A4782E9B24C580D4002CA812 /* Base */ = {isa = PBXFileReference; lastKnownFileType = file.storyboard; name = Base; path = Base.lproj/Main.storyboard; sourceTree = "<group>"; };
		A4782E9E24C580D4002CA812 /* NatureAlarmClock.xcdatamodel */ = {isa = PBXFileReference; lastKnownFileType = wrapper.xcdatamodel; path = NatureAlarmClock.xcdatamodel; sourceTree = "<group>"; };
		A4782EA024C580D6002CA812 /* Assets.xcassets */ = {isa = PBXFileReference; lastKnownFileType = folder.assetcatalog; path = Assets.xcassets; sourceTree = "<group>"; };
		A4782EA324C580D6002CA812 /* Base */ = {isa = PBXFileReference; lastKnownFileType = file.storyboard; name = Base; path = Base.lproj/LaunchScreen.storyboard; sourceTree = "<group>"; };
		A4782EA524C580D6002CA812 /* Info.plist */ = {isa = PBXFileReference; lastKnownFileType = text.plist.xml; path = Info.plist; sourceTree = "<group>"; };
		A4782EB224C582DD002CA812 /* VCExtensions.swift */ = {isa = PBXFileReference; lastKnownFileType = sourcecode.swift; path = VCExtensions.swift; sourceTree = "<group>"; };
		A4782EB424C58428002CA812 /* AlarmView.xib */ = {isa = PBXFileReference; lastKnownFileType = file.xib; path = AlarmView.xib; sourceTree = "<group>"; };
		A4782EB724C58687002CA812 /* wakeupImageBig.png */ = {isa = PBXFileReference; lastKnownFileType = image.png; path = wakeupImageBig.png; sourceTree = "<group>"; };
		A4782EB924C58946002CA812 /* sleepImageBig.png */ = {isa = PBXFileReference; lastKnownFileType = image.png; path = sleepImageBig.png; sourceTree = "<group>"; };
		A4782EBB24C58D75002CA812 /* AlarmView.swift */ = {isa = PBXFileReference; lastKnownFileType = sourcecode.swift; path = AlarmView.swift; sourceTree = "<group>"; };
		A484611224C5F41E00376A27 /* TimeCell.swift */ = {isa = PBXFileReference; lastKnownFileType = sourcecode.swift; path = TimeCell.swift; sourceTree = "<group>"; };
		A484611424C5F7AE00376A27 /* AlarmTime.swift */ = {isa = PBXFileReference; lastKnownFileType = sourcecode.swift; path = AlarmTime.swift; sourceTree = "<group>"; };
		A484611624C5FC1F00376A27 /* AlarmMode.swift */ = {isa = PBXFileReference; lastKnownFileType = sourcecode.swift; path = AlarmMode.swift; sourceTree = "<group>"; };
		A484611824C61DF600376A27 /* DataTypesExtensions.swift */ = {isa = PBXFileReference; lastKnownFileType = sourcecode.swift; path = DataTypesExtensions.swift; sourceTree = "<group>"; };
		A484611A24C6296700376A27 /* ClockTime.swift */ = {isa = PBXFileReference; lastKnownFileType = sourcecode.swift; path = ClockTime.swift; sourceTree = "<group>"; };
		A4B479A424C59A2D00944FA0 /* AlarmsViewController.swift */ = {isa = PBXFileReference; lastKnownFileType = sourcecode.swift; path = AlarmsViewController.swift; sourceTree = "<group>"; };
		A4B479A624C5A2F200944FA0 /* Colors.swift */ = {isa = PBXFileReference; lastKnownFileType = sourcecode.swift; path = Colors.swift; sourceTree = "<group>"; };
		A4B479A824C5ABEC00944FA0 /* AlarmNavigationBarView.swift */ = {isa = PBXFileReference; lastKnownFileType = sourcecode.swift; path = AlarmNavigationBarView.swift; sourceTree = "<group>"; };
		A4B479AA24C5AC1F00944FA0 /* AlarmNavigationBarView.xib */ = {isa = PBXFileReference; lastKnownFileType = file.xib; path = AlarmNavigationBarView.xib; sourceTree = "<group>"; };
		A4B479AC24C5B52C00944FA0 /* SettingsViewController.swift */ = {isa = PBXFileReference; lastKnownFileType = sourcecode.swift; path = SettingsViewController.swift; sourceTree = "<group>"; };
		A4B479AF24C5C4C800944FA0 /* SoundCell.swift */ = {isa = PBXFileReference; lastKnownFileType = sourcecode.swift; path = SoundCell.swift; sourceTree = "<group>"; };
		A4B479B124C5C5F100944FA0 /* Sound.swift */ = {isa = PBXFileReference; lastKnownFileType = sourcecode.swift; path = Sound.swift; sourceTree = "<group>"; };
		A4B479B424C5CE3000944FA0 /* SectionHeaderView.swift */ = {isa = PBXFileReference; lastKnownFileType = sourcecode.swift; path = SectionHeaderView.swift; sourceTree = "<group>"; };
		A4B479B624C5E3A100944FA0 /* launchScreen.png */ = {isa = PBXFileReference; lastKnownFileType = image.png; path = launchScreen.png; sourceTree = "<group>"; };
		A4B479B824C5E43C00944FA0 /* alarmBig.png */ = {isa = PBXFileReference; lastKnownFileType = image.png; path = alarmBig.png; sourceTree = "<group>"; };
		A4B479BA24C5E8EB00944FA0 /* SettingsVCCollectionView.swift */ = {isa = PBXFileReference; lastKnownFileType = sourcecode.swift; path = SettingsVCCollectionView.swift; sourceTree = "<group>"; };
		A4C79CE224C6FF260085A328 /* AlarmsManager.swift */ = {isa = PBXFileReference; lastKnownFileType = sourcecode.swift; path = AlarmsManager.swift; sourceTree = "<group>"; };
		A4C79CE424C6FF8A0085A328 /* AlarmNotification.swift */ = {isa = PBXFileReference; lastKnownFileType = sourcecode.swift; path = AlarmNotification.swift; sourceTree = "<group>"; };
		A4C79CE624C70D850085A328 /* forestSound.m4r */ = {isa = PBXFileReference; lastKnownFileType = file; path = forestSound.m4r; sourceTree = "<group>"; };
/* End PBXFileReference section */

/* Begin PBXFrameworksBuildPhase section */
		A4782E8E24C580D4002CA812 /* Frameworks */ = {
			isa = PBXFrameworksBuildPhase;
			buildActionMask = 2147483647;
			files = (
			);
			runOnlyForDeploymentPostprocessing = 0;
		};
/* End PBXFrameworksBuildPhase section */

/* Begin PBXGroup section */
		A4782E8824C580D4002CA812 = {
			isa = PBXGroup;
			children = (
				A4782E9324C580D4002CA812 /* NatureAlarmClock */,
				A4782E9224C580D4002CA812 /* Products */,
			);
			sourceTree = "<group>";
		};
		A4782E9224C580D4002CA812 /* Products */ = {
			isa = PBXGroup;
			children = (
				A4782E9124C580D4002CA812 /* NatureAlarmClock.app */,
			);
			name = Products;
			sourceTree = "<group>";
		};
		A4782E9324C580D4002CA812 /* NatureAlarmClock */ = {
			isa = PBXGroup;
			children = (
				A4C79CE124C6FF180085A328 /* Managers */,
				A4685D9624C6FA6200C9930C /* NatureAlarmClock.entitlements */,
				A4782EAE24C58120002CA812 /* Model */,
				A4782EAC24C58100002CA812 /* View */,
				A4782EAF24C5812D002CA812 /* Controllers */,
				A4782EB124C582C6002CA812 /* Extensions */,
				A4782EAB24C580E6002CA812 /* AppDelegates */,
				A4782EA024C580D6002CA812 /* Assets.xcassets */,
				A4782EB624C58670002CA812 /* Assets */,
				A4782EA524C580D6002CA812 /* Info.plist */,
				A4782E9D24C580D4002CA812 /* NatureAlarmClock.xcdatamodeld */,
			);
			path = NatureAlarmClock;
			sourceTree = "<group>";
		};
		A4782EAB24C580E6002CA812 /* AppDelegates */ = {
			isa = PBXGroup;
			children = (
				A4782E9424C580D4002CA812 /* AppDelegate.swift */,
				A4782E9624C580D4002CA812 /* SceneDelegate.swift */,
			);
			path = AppDelegates;
			sourceTree = "<group>";
		};
		A4782EAC24C58100002CA812 /* View */ = {
			isa = PBXGroup;
			children = (
				A4B479B324C5CDFE00944FA0 /* Supplementaries */,
				A4B479AE24C5C4AD00944FA0 /* Cells */,
				A4782EAD24C5810E002CA812 /* Storyboards */,
				A4782EB024C581CB002CA812 /* CustomViews */,
			);
			path = View;
			sourceTree = "<group>";
		};
		A4782EAD24C5810E002CA812 /* Storyboards */ = {
			isa = PBXGroup;
			children = (
				A4782E9A24C580D4002CA812 /* Main.storyboard */,
				A4782EA224C580D6002CA812 /* LaunchScreen.storyboard */,
			);
			path = Storyboards;
			sourceTree = "<group>";
		};
		A4782EAE24C58120002CA812 /* Model */ = {
			isa = PBXGroup;
			children = (
				A4B479B124C5C5F100944FA0 /* Sound.swift */,
				A484611424C5F7AE00376A27 /* AlarmTime.swift */,
				A484611624C5FC1F00376A27 /* AlarmMode.swift */,
				A484611A24C6296700376A27 /* ClockTime.swift */,
				A4685D9424C6D7B100C9930C /* SavedAlarms.swift */,
				A4C79CE424C6FF8A0085A328 /* AlarmNotification.swift */,
			);
			path = Model;
			sourceTree = "<group>";
		};
		A4782EAF24C5812D002CA812 /* Controllers */ = {
			isa = PBXGroup;
			children = (
				A4B479A424C59A2D00944FA0 /* AlarmsViewController.swift */,
				A4B479AC24C5B52C00944FA0 /* SettingsViewController.swift */,
				A4B479BA24C5E8EB00944FA0 /* SettingsVCCollectionView.swift */,
			);
			path = Controllers;
			sourceTree = "<group>";
		};
		A4782EB024C581CB002CA812 /* CustomViews */ = {
			isa = PBXGroup;
			children = (
				A4782EB424C58428002CA812 /* AlarmView.xib */,
				A4782EBB24C58D75002CA812 /* AlarmView.swift */,
				A4B479A824C5ABEC00944FA0 /* AlarmNavigationBarView.swift */,
				A4B479AA24C5AC1F00944FA0 /* AlarmNavigationBarView.xib */,
			);
			path = CustomViews;
			sourceTree = "<group>";
		};
		A4782EB124C582C6002CA812 /* Extensions */ = {
			isa = PBXGroup;
			children = (
				A4782EB224C582DD002CA812 /* VCExtensions.swift */,
				A4B479A624C5A2F200944FA0 /* Colors.swift */,
				A484611824C61DF600376A27 /* DataTypesExtensions.swift */,
			);
			path = Extensions;
			sourceTree = "<group>";
		};
		A4782EB624C58670002CA812 /* Assets */ = {
			isa = PBXGroup;
			children = (
				A4C79CE624C70D850085A328 /* forestSound.m4r */,
				A4782EB724C58687002CA812 /* wakeupImageBig.png */,
				A4B479B824C5E43C00944FA0 /* alarmBig.png */,
				A4B479B624C5E3A100944FA0 /* launchScreen.png */,
				A4782EB924C58946002CA812 /* sleepImageBig.png */,
			);
			path = Assets;
			sourceTree = "<group>";
		};
		A4B479AE24C5C4AD00944FA0 /* Cells */ = {
			isa = PBXGroup;
			children = (
				A4B479AF24C5C4C800944FA0 /* SoundCell.swift */,
				A484611224C5F41E00376A27 /* TimeCell.swift */,
			);
			path = Cells;
			sourceTree = "<group>";
		};
		A4B479B324C5CDFE00944FA0 /* Supplementaries */ = {
			isa = PBXGroup;
			children = (
				A4B479B424C5CE3000944FA0 /* SectionHeaderView.swift */,
			);
			path = Supplementaries;
			sourceTree = "<group>";
		};
		A4C79CE124C6FF180085A328 /* Managers */ = {
			isa = PBXGroup;
			children = (
				A4C79CE224C6FF260085A328 /* AlarmsManager.swift */,
			);
			path = Managers;
			sourceTree = "<group>";
		};
/* End PBXGroup section */

/* Begin PBXNativeTarget section */
		A4782E9024C580D4002CA812 /* NatureAlarmClock */ = {
			isa = PBXNativeTarget;
			buildConfigurationList = A4782EA824C580D6002CA812 /* Build configuration list for PBXNativeTarget "NatureAlarmClock" */;
			buildPhases = (
				A4782E8D24C580D4002CA812 /* Sources */,
				A4782E8E24C580D4002CA812 /* Frameworks */,
				A4782E8F24C580D4002CA812 /* Resources */,
			);
			buildRules = (
			);
			dependencies = (
			);
			name = NatureAlarmClock;
			productName = NatureAlarmClock;
			productReference = A4782E9124C580D4002CA812 /* NatureAlarmClock.app */;
			productType = "com.apple.product-type.application";
		};
/* End PBXNativeTarget section */

/* Begin PBXProject section */
		A4782E8924C580D4002CA812 /* Project object */ = {
			isa = PBXProject;
			attributes = {
				LastSwiftUpdateCheck = 1160;
				LastUpgradeCheck = 1160;
				ORGANIZATIONNAME = "Владислав";
				TargetAttributes = {
					A4782E9024C580D4002CA812 = {
						CreatedOnToolsVersion = 11.6;
					};
				};
			};
			buildConfigurationList = A4782E8C24C580D4002CA812 /* Build configuration list for PBXProject "NatureAlarmClock" */;
			compatibilityVersion = "Xcode 9.3";
			developmentRegion = en;
			hasScannedForEncodings = 0;
			knownRegions = (
				en,
				Base,
			);
			mainGroup = A4782E8824C580D4002CA812;
			productRefGroup = A4782E9224C580D4002CA812 /* Products */;
			projectDirPath = "";
			projectRoot = "";
			targets = (
				A4782E9024C580D4002CA812 /* NatureAlarmClock */,
			);
		};
/* End PBXProject section */

/* Begin PBXResourcesBuildPhase section */
		A4782E8F24C580D4002CA812 /* Resources */ = {
			isa = PBXResourcesBuildPhase;
			buildActionMask = 2147483647;
			files = (
				A4B479AB24C5AC1F00944FA0 /* AlarmNavigationBarView.xib in Resources */,
				A4782EB824C58687002CA812 /* wakeupImageBig.png in Resources */,
				A4C79CE724C70D850085A328 /* forestSound.m4r in Resources */,
				A4782EBA24C58946002CA812 /* sleepImageBig.png in Resources */,
				A4782EA424C580D6002CA812 /* LaunchScreen.storyboard in Resources */,
				A4782EA124C580D6002CA812 /* Assets.xcassets in Resources */,
				A4782EB524C58428002CA812 /* AlarmView.xib in Resources */,
				A4B479B724C5E3A200944FA0 /* launchScreen.png in Resources */,
				A4B479B924C5E43C00944FA0 /* alarmBig.png in Resources */,
				A4782E9C24C580D4002CA812 /* Main.storyboard in Resources */,
			);
			runOnlyForDeploymentPostprocessing = 0;
		};
/* End PBXResourcesBuildPhase section */

/* Begin PBXSourcesBuildPhase section */
		A4782E8D24C580D4002CA812 /* Sources */ = {
			isa = PBXSourcesBuildPhase;
			buildActionMask = 2147483647;
			files = (
				A4B479BB24C5E8EB00944FA0 /* SettingsVCCollectionView.swift in Sources */,
				A4B479A524C59A2D00944FA0 /* AlarmsViewController.swift in Sources */,
				A484611924C61DF600376A27 /* DataTypesExtensions.swift in Sources */,
				A4685D9524C6D7B100C9930C /* SavedAlarms.swift in Sources */,
				A4B479B224C5C5F100944FA0 /* Sound.swift in Sources */,
				A4782E9F24C580D4002CA812 /* NatureAlarmClock.xcdatamodeld in Sources */,
				A484611B24C6296700376A27 /* ClockTime.swift in Sources */,
				A4782E9524C580D4002CA812 /* AppDelegate.swift in Sources */,
				A484611524C5F7AE00376A27 /* AlarmTime.swift in Sources */,
				A4C79CE324C6FF260085A328 /* AlarmsManager.swift in Sources */,
				A4B479B024C5C4C800944FA0 /* SoundCell.swift in Sources */,
				A4B479A724C5A2F200944FA0 /* Colors.swift in Sources */,
				A4782EBC24C58D75002CA812 /* AlarmView.swift in Sources */,
				A484611324C5F41E00376A27 /* TimeCell.swift in Sources */,
				A4B479B524C5CE3000944FA0 /* SectionHeaderView.swift in Sources */,
				A4C79CE524C6FF8A0085A328 /* AlarmNotification.swift in Sources */,
				A4B479A924C5ABEC00944FA0 /* AlarmNavigationBarView.swift in Sources */,
				A484611724C5FC1F00376A27 /* AlarmMode.swift in Sources */,
				A4782EB324C582DD002CA812 /* VCExtensions.swift in Sources */,
				A4782E9724C580D4002CA812 /* SceneDelegate.swift in Sources */,
				A4B479AD24C5B52C00944FA0 /* SettingsViewController.swift in Sources */,
			);
			runOnlyForDeploymentPostprocessing = 0;
		};
/* End PBXSourcesBuildPhase section */

/* Begin PBXVariantGroup section */
		A4782E9A24C580D4002CA812 /* Main.storyboard */ = {
			isa = PBXVariantGroup;
			children = (
				A4782E9B24C580D4002CA812 /* Base */,
			);
			name = Main.storyboard;
			sourceTree = "<group>";
		};
		A4782EA224C580D6002CA812 /* LaunchScreen.storyboard */ = {
			isa = PBXVariantGroup;
			children = (
				A4782EA324C580D6002CA812 /* Base */,
			);
			name = LaunchScreen.storyboard;
			sourceTree = "<group>";
		};
/* End PBXVariantGroup section */

/* Begin XCBuildConfiguration section */
		A4782EA624C580D6002CA812 /* Debug */ = {
			isa = XCBuildConfiguration;
			buildSettings = {
				ALWAYS_SEARCH_USER_PATHS = NO;
				CLANG_ANALYZER_NONNULL = YES;
				CLANG_ANALYZER_NUMBER_OBJECT_CONVERSION = YES_AGGRESSIVE;
				CLANG_CXX_LANGUAGE_STANDARD = "gnu++14";
				CLANG_CXX_LIBRARY = "libc++";
				CLANG_ENABLE_MODULES = YES;
				CLANG_ENABLE_OBJC_ARC = YES;
				CLANG_ENABLE_OBJC_WEAK = YES;
				CLANG_WARN_BLOCK_CAPTURE_AUTORELEASING = YES;
				CLANG_WARN_BOOL_CONVERSION = YES;
				CLANG_WARN_COMMA = YES;
				CLANG_WARN_CONSTANT_CONVERSION = YES;
				CLANG_WARN_DEPRECATED_OBJC_IMPLEMENTATIONS = YES;
				CLANG_WARN_DIRECT_OBJC_ISA_USAGE = YES_ERROR;
				CLANG_WARN_DOCUMENTATION_COMMENTS = YES;
				CLANG_WARN_EMPTY_BODY = YES;
				CLANG_WARN_ENUM_CONVERSION = YES;
				CLANG_WARN_INFINITE_RECURSION = YES;
				CLANG_WARN_INT_CONVERSION = YES;
				CLANG_WARN_NON_LITERAL_NULL_CONVERSION = YES;
				CLANG_WARN_OBJC_IMPLICIT_RETAIN_SELF = YES;
				CLANG_WARN_OBJC_LITERAL_CONVERSION = YES;
				CLANG_WARN_OBJC_ROOT_CLASS = YES_ERROR;
				CLANG_WARN_RANGE_LOOP_ANALYSIS = YES;
				CLANG_WARN_STRICT_PROTOTYPES = YES;
				CLANG_WARN_SUSPICIOUS_MOVE = YES;
				CLANG_WARN_UNGUARDED_AVAILABILITY = YES_AGGRESSIVE;
				CLANG_WARN_UNREACHABLE_CODE = YES;
				CLANG_WARN__DUPLICATE_METHOD_MATCH = YES;
				COPY_PHASE_STRIP = NO;
				DEBUG_INFORMATION_FORMAT = dwarf;
				ENABLE_STRICT_OBJC_MSGSEND = YES;
				ENABLE_TESTABILITY = YES;
				GCC_C_LANGUAGE_STANDARD = gnu11;
				GCC_DYNAMIC_NO_PIC = NO;
				GCC_NO_COMMON_BLOCKS = YES;
				GCC_OPTIMIZATION_LEVEL = 0;
				GCC_PREPROCESSOR_DEFINITIONS = (
					"DEBUG=1",
					"$(inherited)",
				);
				GCC_WARN_64_TO_32_BIT_CONVERSION = YES;
				GCC_WARN_ABOUT_RETURN_TYPE = YES_ERROR;
				GCC_WARN_UNDECLARED_SELECTOR = YES;
				GCC_WARN_UNINITIALIZED_AUTOS = YES_AGGRESSIVE;
				GCC_WARN_UNUSED_FUNCTION = YES;
				GCC_WARN_UNUSED_VARIABLE = YES;
				IPHONEOS_DEPLOYMENT_TARGET = 13.6;
				MTL_ENABLE_DEBUG_INFO = INCLUDE_SOURCE;
				MTL_FAST_MATH = YES;
				ONLY_ACTIVE_ARCH = YES;
				SDKROOT = iphoneos;
				SWIFT_ACTIVE_COMPILATION_CONDITIONS = DEBUG;
				SWIFT_OPTIMIZATION_LEVEL = "-Onone";
			};
			name = Debug;
		};
		A4782EA724C580D6002CA812 /* Release */ = {
			isa = XCBuildConfiguration;
			buildSettings = {
				ALWAYS_SEARCH_USER_PATHS = NO;
				CLANG_ANALYZER_NONNULL = YES;
				CLANG_ANALYZER_NUMBER_OBJECT_CONVERSION = YES_AGGRESSIVE;
				CLANG_CXX_LANGUAGE_STANDARD = "gnu++14";
				CLANG_CXX_LIBRARY = "libc++";
				CLANG_ENABLE_MODULES = YES;
				CLANG_ENABLE_OBJC_ARC = YES;
				CLANG_ENABLE_OBJC_WEAK = YES;
				CLANG_WARN_BLOCK_CAPTURE_AUTORELEASING = YES;
				CLANG_WARN_BOOL_CONVERSION = YES;
				CLANG_WARN_COMMA = YES;
				CLANG_WARN_CONSTANT_CONVERSION = YES;
				CLANG_WARN_DEPRECATED_OBJC_IMPLEMENTATIONS = YES;
				CLANG_WARN_DIRECT_OBJC_ISA_USAGE = YES_ERROR;
				CLANG_WARN_DOCUMENTATION_COMMENTS = YES;
				CLANG_WARN_EMPTY_BODY = YES;
				CLANG_WARN_ENUM_CONVERSION = YES;
				CLANG_WARN_INFINITE_RECURSION = YES;
				CLANG_WARN_INT_CONVERSION = YES;
				CLANG_WARN_NON_LITERAL_NULL_CONVERSION = YES;
				CLANG_WARN_OBJC_IMPLICIT_RETAIN_SELF = YES;
				CLANG_WARN_OBJC_LITERAL_CONVERSION = YES;
				CLANG_WARN_OBJC_ROOT_CLASS = YES_ERROR;
				CLANG_WARN_RANGE_LOOP_ANALYSIS = YES;
				CLANG_WARN_STRICT_PROTOTYPES = YES;
				CLANG_WARN_SUSPICIOUS_MOVE = YES;
				CLANG_WARN_UNGUARDED_AVAILABILITY = YES_AGGRESSIVE;
				CLANG_WARN_UNREACHABLE_CODE = YES;
				CLANG_WARN__DUPLICATE_METHOD_MATCH = YES;
				COPY_PHASE_STRIP = NO;
				DEBUG_INFORMATION_FORMAT = "dwarf-with-dsym";
				ENABLE_NS_ASSERTIONS = NO;
				ENABLE_STRICT_OBJC_MSGSEND = YES;
				GCC_C_LANGUAGE_STANDARD = gnu11;
				GCC_NO_COMMON_BLOCKS = YES;
				GCC_WARN_64_TO_32_BIT_CONVERSION = YES;
				GCC_WARN_ABOUT_RETURN_TYPE = YES_ERROR;
				GCC_WARN_UNDECLARED_SELECTOR = YES;
				GCC_WARN_UNINITIALIZED_AUTOS = YES_AGGRESSIVE;
				GCC_WARN_UNUSED_FUNCTION = YES;
				GCC_WARN_UNUSED_VARIABLE = YES;
				IPHONEOS_DEPLOYMENT_TARGET = 13.6;
				MTL_ENABLE_DEBUG_INFO = NO;
				MTL_FAST_MATH = YES;
				SDKROOT = iphoneos;
				SWIFT_COMPILATION_MODE = wholemodule;
				SWIFT_OPTIMIZATION_LEVEL = "-O";
				VALIDATE_PRODUCT = YES;
			};
			name = Release;
		};
		A4782EA924C580D6002CA812 /* Debug */ = {
			isa = XCBuildConfiguration;
			buildSettings = {
				ASSETCATALOG_COMPILER_APPICON_NAME = AppIcon;
				CODE_SIGN_ENTITLEMENTS = NatureAlarmClock/NatureAlarmClock.entitlements;
				CODE_SIGN_STYLE = Automatic;
				DEVELOPMENT_TEAM = N8U99CLXJ5;
				INFOPLIST_FILE = NatureAlarmClock/Info.plist;
				IPHONEOS_DEPLOYMENT_TARGET = 12.0;
				LD_RUNPATH_SEARCH_PATHS = (
					"$(inherited)",
					"@executable_path/Frameworks",
				);
				PRODUCT_BUNDLE_IDENTIFIER = pycak.NatureAlarmClock;
				PRODUCT_NAME = "$(TARGET_NAME)";
				SWIFT_VERSION = 5.0;
				TARGETED_DEVICE_FAMILY = 1;
			};
			name = Debug;
		};
		A4782EAA24C580D6002CA812 /* Release */ = {
			isa = XCBuildConfiguration;
			buildSettings = {
				ASSETCATALOG_COMPILER_APPICON_NAME = AppIcon;
				CODE_SIGN_ENTITLEMENTS = NatureAlarmClock/NatureAlarmClock.entitlements;
				CODE_SIGN_STYLE = Automatic;
				DEVELOPMENT_TEAM = N8U99CLXJ5;
				INFOPLIST_FILE = NatureAlarmClock/Info.plist;
				IPHONEOS_DEPLOYMENT_TARGET = 12.0;
				LD_RUNPATH_SEARCH_PATHS = (
					"$(inherited)",
					"@executable_path/Frameworks",
				);
				PRODUCT_BUNDLE_IDENTIFIER = pycak.NatureAlarmClock;
				PRODUCT_NAME = "$(TARGET_NAME)";
				SWIFT_VERSION = 5.0;
				TARGETED_DEVICE_FAMILY = 1;
			};
			name = Release;
		};
/* End XCBuildConfiguration section */

/* Begin XCConfigurationList section */
		A4782E8C24C580D4002CA812 /* Build configuration list for PBXProject "NatureAlarmClock" */ = {
			isa = XCConfigurationList;
			buildConfigurations = (
				A4782EA624C580D6002CA812 /* Debug */,
				A4782EA724C580D6002CA812 /* Release */,
			);
			defaultConfigurationIsVisible = 0;
			defaultConfigurationName = Release;
		};
		A4782EA824C580D6002CA812 /* Build configuration list for PBXNativeTarget "NatureAlarmClock" */ = {
			isa = XCConfigurationList;
			buildConfigurations = (
				A4782EA924C580D6002CA812 /* Debug */,
				A4782EAA24C580D6002CA812 /* Release */,
			);
			defaultConfigurationIsVisible = 0;
			defaultConfigurationName = Release;
		};
/* End XCConfigurationList section */

/* Begin XCVersionGroup section */
		A4782E9D24C580D4002CA812 /* NatureAlarmClock.xcdatamodeld */ = {
			isa = XCVersionGroup;
			children = (
				A4782E9E24C580D4002CA812 /* NatureAlarmClock.xcdatamodel */,
			);
			currentVersion = A4782E9E24C580D4002CA812 /* NatureAlarmClock.xcdatamodel */;
			path = NatureAlarmClock.xcdatamodeld;
			sourceTree = "<group>";
			versionGroupType = wrapper.xcdatamodel;
		};
/* End XCVersionGroup section */
	};
	rootObject = A4782E8924C580D4002CA812 /* Project object */;
}
